
Microsoft Visual Studio Solution File, Format Version 12.00
# Visual Studio 15
VisualStudioVersion = 15.0.26124.0
MinimumVisualStudioVersion = 15.0.26124.0
Project("{2150E333-8FDC-42A3-9474-1A3956D46DE8}") = "Chapter1", "Chapter1", "{6B9E0C6C-8E99-4D93-BD69-0AB124C021C4}"
EndProject
Project("{FAE04EC0-301F-11D3-BF4B-00C04F79EFBC}") = "Listing_1-1", "Chapter1\Listing_1-1\Listing_1-1.csproj", "{31BA0075-A4FD-4854-ABE4-5ADA92808D5F}"
EndProject
Project("{FAE04EC0-301F-11D3-BF4B-00C04F79EFBC}") = "Listing_1-2", "Chapter1\Listing_1-2\Listing_1-2.csproj", "{C3889455-66A3-4D5A-A6E7-0766C9FD4444}"
EndProject
Project("{FAE04EC0-301F-11D3-BF4B-00C04F79EFBC}") = "Listing_1-3", "Chapter1\Listing_1-3\Listing_1-3.csproj", "{9FFA0952-F8D7-4702-8243-D3A5870C48FC}"
EndProject
Project("{FAE04EC0-301F-11D3-BF4B-00C04F79EFBC}") = "Listing_1-4", "Chapter1\Listing_1-4\Listing_1-4.csproj", "{D6B9582E-8502-4FF7-B805-D18946331179}"
EndProject
Project("{FAE04EC0-301F-11D3-BF4B-00C04F79EFBC}") = "Listing_1-5", "Chapter1\Listing_1-5\Listing_1-5.csproj", "{6E4712D7-0C17-4A31-B007-44519E28F22C}"
EndProject
Project("{FAE04EC0-301F-11D3-BF4B-00C04F79EFBC}") = "Listing_1-6", "Chapter1\Listing_1-6\Listing_1-6.csproj", "{765909DC-0DDD-41B6-A34A-97DF50B3E14E}"
EndProject
Project("{FAE04EC0-301F-11D3-BF4B-00C04F79EFBC}") = "Listing_1-7", "Chapter1\Listing_1-7\Listing_1-7.csproj", "{A2B64DE5-999E-4C3F-BC9E-F5762F4E0B5F}"
EndProject
Project("{FAE04EC0-301F-11D3-BF4B-00C04F79EFBC}") = "Listing_1-8", "Chapter1\Listing_1-8\Listing_1-8.csproj", "{12B40815-434F-4BE0-91EC-8D4226F26D95}"
EndProject
Project("{FAE04EC0-301F-11D3-BF4B-00C04F79EFBC}") = "Listing_1-9", "Chapter1\Listing_1-9\Listing_1-9.csproj", "{667FEFC4-57DE-4CE9-888D-48E997BF1F99}"
EndProject
Project("{FAE04EC0-301F-11D3-BF4B-00C04F79EFBC}") = "Listing_1-10", "Chapter1\Listing_1-10\Listing_1-10.csproj", "{0EF0699E-A558-47D9-B505-2743F6FBAAFD}"
EndProject
Project("{FAE04EC0-301F-11D3-BF4B-00C04F79EFBC}") = "Listing_1-11", "Chapter1\Listing_1-11\Listing_1-11.csproj", "{0D8AAD10-A793-43C2-BCAC-165F53E79965}"
EndProject
Project("{FAE04EC0-301F-11D3-BF4B-00C04F79EFBC}") = "Listing_1-12", "Chapter1\Listing_1-12\Listing_1-12.csproj", "{173CE268-1A20-424D-B9B0-49BDF6D5C213}"
EndProject
Project("{FAE04EC0-301F-11D3-BF4B-00C04F79EFBC}") = "Listing_1-13", "Chapter1\Listing_1-13\Listing_1-13.csproj", "{2A4E667B-8968-4CF6-A62C-C817E4F10065}"
EndProject
Project("{FAE04EC0-301F-11D3-BF4B-00C04F79EFBC}") = "Listing_1-14", "Chapter1\Listing_1-14\Listing_1-14.csproj", "{CD5643C7-F473-4FBE-AD39-9C2161A9945E}"
EndProject
Project("{FAE04EC0-301F-11D3-BF4B-00C04F79EFBC}") = "Listing_1-15", "Chapter1\Listing_1-15\Listing_1-15.csproj", "{7E51D3C7-CA90-4983-8A1F-E3F2BC32E5B4}"
EndProject
Project("{FAE04EC0-301F-11D3-BF4B-00C04F79EFBC}") = "Listing_1-16", "Chapter1\Listing_1-16\Listing_1-16.csproj", "{8F5C5C27-3F26-4B2E-9D39-578EA99273AF}"
EndProject
Project("{FAE04EC0-301F-11D3-BF4B-00C04F79EFBC}") = "Listing_1-17", "Chapter1\Listing_1-17\Listing_1-17.csproj", "{C059A41E-B361-4AFD-B6E6-47EFFA952DC3}"
EndProject
Project("{FAE04EC0-301F-11D3-BF4B-00C04F79EFBC}") = "Listing_1-18", "Chapter1\Listing_1-18\Listing_1-18.csproj", "{1A49DD5D-7C57-4EDB-856C-8EE61454BD95}"
EndProject
Project("{FAE04EC0-301F-11D3-BF4B-00C04F79EFBC}") = "Listing_1-22", "Chapter1\Listing_1-22\Listing_1-22.csproj", "{35FA38E1-8586-4A56-BA75-30755FA5E699}"
EndProject
Project("{FAE04EC0-301F-11D3-BF4B-00C04F79EFBC}") = "Listing_1-23", "Chapter1\Listing_1-23\Listing_1-23.csproj", "{60E95964-50EB-430B-A2AB-7A4102CC8B99}"
EndProject
Project("{FAE04EC0-301F-11D3-BF4B-00C04F79EFBC}") = "Listing_1-24", "Chapter1\Listing_1-24\Listing_1-24.csproj", "{2826FC01-1740-4F92-9DFF-A497A9DE22A3}"
EndProject
Project("{FAE04EC0-301F-11D3-BF4B-00C04F79EFBC}") = "Listing_1-25", "Chapter1\Listing_1-25\Listing_1-25.csproj", "{6A2720D1-AB71-4184-90EF-8CDDDB496F04}"
EndProject
Project("{FAE04EC0-301F-11D3-BF4B-00C04F79EFBC}") = "Listing_1-26", "Chapter1\Listing_1-26\Listing_1-26.csproj", "{41205CDA-B2DB-42BC-8757-4B197AC4C398}"
EndProject
Project("{FAE04EC0-301F-11D3-BF4B-00C04F79EFBC}") = "Listing_1-27", "Chapter1\Listing_1-27\Listing_1-27.csproj", "{DE219431-C540-4AD2-89F2-3C30838195CF}"
EndProject
Global
	GlobalSection(SolutionConfigurationPlatforms) = preSolution
		Debug|Any CPU = Debug|Any CPU
		Debug|x64 = Debug|x64
		Debug|x86 = Debug|x86
		Release|Any CPU = Release|Any CPU
		Release|x64 = Release|x64
		Release|x86 = Release|x86
	EndGlobalSection
	GlobalSection(SolutionProperties) = preSolution
		HideSolutionNode = FALSE
	EndGlobalSection
	GlobalSection(ProjectConfigurationPlatforms) = postSolution
		{31BA0075-A4FD-4854-ABE4-5ADA92808D5F}.Debug|Any CPU.ActiveCfg = Debug|Any CPU
		{31BA0075-A4FD-4854-ABE4-5ADA92808D5F}.Debug|Any CPU.Build.0 = Debug|Any CPU
		{31BA0075-A4FD-4854-ABE4-5ADA92808D5F}.Debug|x64.ActiveCfg = Debug|Any CPU
		{31BA0075-A4FD-4854-ABE4-5ADA92808D5F}.Debug|x64.Build.0 = Debug|Any CPU
		{31BA0075-A4FD-4854-ABE4-5ADA92808D5F}.Debug|x86.ActiveCfg = Debug|Any CPU
		{31BA0075-A4FD-4854-ABE4-5ADA92808D5F}.Debug|x86.Build.0 = Debug|Any CPU
		{31BA0075-A4FD-4854-ABE4-5ADA92808D5F}.Release|Any CPU.ActiveCfg = Release|Any CPU
		{31BA0075-A4FD-4854-ABE4-5ADA92808D5F}.Release|Any CPU.Build.0 = Release|Any CPU
		{31BA0075-A4FD-4854-ABE4-5ADA92808D5F}.Release|x64.ActiveCfg = Release|Any CPU
		{31BA0075-A4FD-4854-ABE4-5ADA92808D5F}.Release|x64.Build.0 = Release|Any CPU
		{31BA0075-A4FD-4854-ABE4-5ADA92808D5F}.Release|x86.ActiveCfg = Release|Any CPU
		{31BA0075-A4FD-4854-ABE4-5ADA92808D5F}.Release|x86.Build.0 = Release|Any CPU
		{C3889455-66A3-4D5A-A6E7-0766C9FD4444}.Debug|Any CPU.ActiveCfg = Debug|Any CPU
		{C3889455-66A3-4D5A-A6E7-0766C9FD4444}.Debug|Any CPU.Build.0 = Debug|Any CPU
		{C3889455-66A3-4D5A-A6E7-0766C9FD4444}.Debug|x64.ActiveCfg = Debug|Any CPU
		{C3889455-66A3-4D5A-A6E7-0766C9FD4444}.Debug|x64.Build.0 = Debug|Any CPU
		{C3889455-66A3-4D5A-A6E7-0766C9FD4444}.Debug|x86.ActiveCfg = Debug|Any CPU
		{C3889455-66A3-4D5A-A6E7-0766C9FD4444}.Debug|x86.Build.0 = Debug|Any CPU
		{C3889455-66A3-4D5A-A6E7-0766C9FD4444}.Release|Any CPU.ActiveCfg = Release|Any CPU
		{C3889455-66A3-4D5A-A6E7-0766C9FD4444}.Release|Any CPU.Build.0 = Release|Any CPU
		{C3889455-66A3-4D5A-A6E7-0766C9FD4444}.Release|x64.ActiveCfg = Release|Any CPU
		{C3889455-66A3-4D5A-A6E7-0766C9FD4444}.Release|x64.Build.0 = Release|Any CPU
		{C3889455-66A3-4D5A-A6E7-0766C9FD4444}.Release|x86.ActiveCfg = Release|Any CPU
		{C3889455-66A3-4D5A-A6E7-0766C9FD4444}.Release|x86.Build.0 = Release|Any CPU
		{9FFA0952-F8D7-4702-8243-D3A5870C48FC}.Debug|Any CPU.ActiveCfg = Debug|Any CPU
		{9FFA0952-F8D7-4702-8243-D3A5870C48FC}.Debug|Any CPU.Build.0 = Debug|Any CPU
		{9FFA0952-F8D7-4702-8243-D3A5870C48FC}.Debug|x64.ActiveCfg = Debug|Any CPU
		{9FFA0952-F8D7-4702-8243-D3A5870C48FC}.Debug|x64.Build.0 = Debug|Any CPU
		{9FFA0952-F8D7-4702-8243-D3A5870C48FC}.Debug|x86.ActiveCfg = Debug|Any CPU
		{9FFA0952-F8D7-4702-8243-D3A5870C48FC}.Debug|x86.Build.0 = Debug|Any CPU
		{9FFA0952-F8D7-4702-8243-D3A5870C48FC}.Release|Any CPU.ActiveCfg = Release|Any CPU
		{9FFA0952-F8D7-4702-8243-D3A5870C48FC}.Release|Any CPU.Build.0 = Release|Any CPU
		{9FFA0952-F8D7-4702-8243-D3A5870C48FC}.Release|x64.ActiveCfg = Release|Any CPU
		{9FFA0952-F8D7-4702-8243-D3A5870C48FC}.Release|x64.Build.0 = Release|Any CPU
		{9FFA0952-F8D7-4702-8243-D3A5870C48FC}.Release|x86.ActiveCfg = Release|Any CPU
		{9FFA0952-F8D7-4702-8243-D3A5870C48FC}.Release|x86.Build.0 = Release|Any CPU
		{D6B9582E-8502-4FF7-B805-D18946331179}.Debug|Any CPU.ActiveCfg = Debug|Any CPU
		{D6B9582E-8502-4FF7-B805-D18946331179}.Debug|Any CPU.Build.0 = Debug|Any CPU
		{D6B9582E-8502-4FF7-B805-D18946331179}.Debug|x64.ActiveCfg = Debug|Any CPU
		{D6B9582E-8502-4FF7-B805-D18946331179}.Debug|x64.Build.0 = Debug|Any CPU
		{D6B9582E-8502-4FF7-B805-D18946331179}.Debug|x86.ActiveCfg = Debug|Any CPU
		{D6B9582E-8502-4FF7-B805-D18946331179}.Debug|x86.Build.0 = Debug|Any CPU
		{D6B9582E-8502-4FF7-B805-D18946331179}.Release|Any CPU.ActiveCfg = Release|Any CPU
		{D6B9582E-8502-4FF7-B805-D18946331179}.Release|Any CPU.Build.0 = Release|Any CPU
		{D6B9582E-8502-4FF7-B805-D18946331179}.Release|x64.ActiveCfg = Release|Any CPU
		{D6B9582E-8502-4FF7-B805-D18946331179}.Release|x64.Build.0 = Release|Any CPU
		{D6B9582E-8502-4FF7-B805-D18946331179}.Release|x86.ActiveCfg = Release|Any CPU
		{D6B9582E-8502-4FF7-B805-D18946331179}.Release|x86.Build.0 = Release|Any CPU
		{6E4712D7-0C17-4A31-B007-44519E28F22C}.Debug|Any CPU.ActiveCfg = Debug|Any CPU
		{6E4712D7-0C17-4A31-B007-44519E28F22C}.Debug|Any CPU.Build.0 = Debug|Any CPU
		{6E4712D7-0C17-4A31-B007-44519E28F22C}.Debug|x64.ActiveCfg = Debug|Any CPU
		{6E4712D7-0C17-4A31-B007-44519E28F22C}.Debug|x64.Build.0 = Debug|Any CPU
		{6E4712D7-0C17-4A31-B007-44519E28F22C}.Debug|x86.ActiveCfg = Debug|Any CPU
		{6E4712D7-0C17-4A31-B007-44519E28F22C}.Debug|x86.Build.0 = Debug|Any CPU
		{6E4712D7-0C17-4A31-B007-44519E28F22C}.Release|Any CPU.ActiveCfg = Release|Any CPU
		{6E4712D7-0C17-4A31-B007-44519E28F22C}.Release|Any CPU.Build.0 = Release|Any CPU
		{6E4712D7-0C17-4A31-B007-44519E28F22C}.Release|x64.ActiveCfg = Release|Any CPU
		{6E4712D7-0C17-4A31-B007-44519E28F22C}.Release|x64.Build.0 = Release|Any CPU
		{6E4712D7-0C17-4A31-B007-44519E28F22C}.Release|x86.ActiveCfg = Release|Any CPU
		{6E4712D7-0C17-4A31-B007-44519E28F22C}.Release|x86.Build.0 = Release|Any CPU
		{765909DC-0DDD-41B6-A34A-97DF50B3E14E}.Debug|Any CPU.ActiveCfg = Debug|Any CPU
		{765909DC-0DDD-41B6-A34A-97DF50B3E14E}.Debug|Any CPU.Build.0 = Debug|Any CPU
		{765909DC-0DDD-41B6-A34A-97DF50B3E14E}.Debug|x64.ActiveCfg = Debug|Any CPU
		{765909DC-0DDD-41B6-A34A-97DF50B3E14E}.Debug|x64.Build.0 = Debug|Any CPU
		{765909DC-0DDD-41B6-A34A-97DF50B3E14E}.Debug|x86.ActiveCfg = Debug|Any CPU
		{765909DC-0DDD-41B6-A34A-97DF50B3E14E}.Debug|x86.Build.0 = Debug|Any CPU
		{765909DC-0DDD-41B6-A34A-97DF50B3E14E}.Release|Any CPU.ActiveCfg = Release|Any CPU
		{765909DC-0DDD-41B6-A34A-97DF50B3E14E}.Release|Any CPU.Build.0 = Release|Any CPU
		{765909DC-0DDD-41B6-A34A-97DF50B3E14E}.Release|x64.ActiveCfg = Release|Any CPU
		{765909DC-0DDD-41B6-A34A-97DF50B3E14E}.Release|x64.Build.0 = Release|Any CPU
		{765909DC-0DDD-41B6-A34A-97DF50B3E14E}.Release|x86.ActiveCfg = Release|Any CPU
		{765909DC-0DDD-41B6-A34A-97DF50B3E14E}.Release|x86.Build.0 = Release|Any CPU
		{A2B64DE5-999E-4C3F-BC9E-F5762F4E0B5F}.Debug|Any CPU.ActiveCfg = Debug|Any CPU
		{A2B64DE5-999E-4C3F-BC9E-F5762F4E0B5F}.Debug|Any CPU.Build.0 = Debug|Any CPU
		{A2B64DE5-999E-4C3F-BC9E-F5762F4E0B5F}.Debug|x64.ActiveCfg = Debug|Any CPU
		{A2B64DE5-999E-4C3F-BC9E-F5762F4E0B5F}.Debug|x64.Build.0 = Debug|Any CPU
		{A2B64DE5-999E-4C3F-BC9E-F5762F4E0B5F}.Debug|x86.ActiveCfg = Debug|Any CPU
		{A2B64DE5-999E-4C3F-BC9E-F5762F4E0B5F}.Debug|x86.Build.0 = Debug|Any CPU
		{A2B64DE5-999E-4C3F-BC9E-F5762F4E0B5F}.Release|Any CPU.ActiveCfg = Release|Any CPU
		{A2B64DE5-999E-4C3F-BC9E-F5762F4E0B5F}.Release|Any CPU.Build.0 = Release|Any CPU
		{A2B64DE5-999E-4C3F-BC9E-F5762F4E0B5F}.Release|x64.ActiveCfg = Release|Any CPU
		{A2B64DE5-999E-4C3F-BC9E-F5762F4E0B5F}.Release|x64.Build.0 = Release|Any CPU
		{A2B64DE5-999E-4C3F-BC9E-F5762F4E0B5F}.Release|x86.ActiveCfg = Release|Any CPU
		{A2B64DE5-999E-4C3F-BC9E-F5762F4E0B5F}.Release|x86.Build.0 = Release|Any CPU
		{12B40815-434F-4BE0-91EC-8D4226F26D95}.Debug|Any CPU.ActiveCfg = Debug|Any CPU
		{12B40815-434F-4BE0-91EC-8D4226F26D95}.Debug|Any CPU.Build.0 = Debug|Any CPU
		{12B40815-434F-4BE0-91EC-8D4226F26D95}.Debug|x64.ActiveCfg = Debug|Any CPU
		{12B40815-434F-4BE0-91EC-8D4226F26D95}.Debug|x64.Build.0 = Debug|Any CPU
		{12B40815-434F-4BE0-91EC-8D4226F26D95}.Debug|x86.ActiveCfg = Debug|Any CPU
		{12B40815-434F-4BE0-91EC-8D4226F26D95}.Debug|x86.Build.0 = Debug|Any CPU
		{12B40815-434F-4BE0-91EC-8D4226F26D95}.Release|Any CPU.ActiveCfg = Release|Any CPU
		{12B40815-434F-4BE0-91EC-8D4226F26D95}.Release|Any CPU.Build.0 = Release|Any CPU
		{12B40815-434F-4BE0-91EC-8D4226F26D95}.Release|x64.ActiveCfg = Release|Any CPU
		{12B40815-434F-4BE0-91EC-8D4226F26D95}.Release|x64.Build.0 = Release|Any CPU
		{12B40815-434F-4BE0-91EC-8D4226F26D95}.Release|x86.ActiveCfg = Release|Any CPU
		{12B40815-434F-4BE0-91EC-8D4226F26D95}.Release|x86.Build.0 = Release|Any CPU
		{667FEFC4-57DE-4CE9-888D-48E997BF1F99}.Debug|Any CPU.ActiveCfg = Debug|Any CPU
		{667FEFC4-57DE-4CE9-888D-48E997BF1F99}.Debug|Any CPU.Build.0 = Debug|Any CPU
		{667FEFC4-57DE-4CE9-888D-48E997BF1F99}.Debug|x64.ActiveCfg = Debug|Any CPU
		{667FEFC4-57DE-4CE9-888D-48E997BF1F99}.Debug|x64.Build.0 = Debug|Any CPU
		{667FEFC4-57DE-4CE9-888D-48E997BF1F99}.Debug|x86.ActiveCfg = Debug|Any CPU
		{667FEFC4-57DE-4CE9-888D-48E997BF1F99}.Debug|x86.Build.0 = Debug|Any CPU
		{667FEFC4-57DE-4CE9-888D-48E997BF1F99}.Release|Any CPU.ActiveCfg = Release|Any CPU
		{667FEFC4-57DE-4CE9-888D-48E997BF1F99}.Release|Any CPU.Build.0 = Release|Any CPU
		{667FEFC4-57DE-4CE9-888D-48E997BF1F99}.Release|x64.ActiveCfg = Release|Any CPU
		{667FEFC4-57DE-4CE9-888D-48E997BF1F99}.Release|x64.Build.0 = Release|Any CPU
		{667FEFC4-57DE-4CE9-888D-48E997BF1F99}.Release|x86.ActiveCfg = Release|Any CPU
		{667FEFC4-57DE-4CE9-888D-48E997BF1F99}.Release|x86.Build.0 = Release|Any CPU
		{0EF0699E-A558-47D9-B505-2743F6FBAAFD}.Debug|Any CPU.ActiveCfg = Debug|Any CPU
		{0EF0699E-A558-47D9-B505-2743F6FBAAFD}.Debug|Any CPU.Build.0 = Debug|Any CPU
		{0EF0699E-A558-47D9-B505-2743F6FBAAFD}.Debug|x64.ActiveCfg = Debug|Any CPU
		{0EF0699E-A558-47D9-B505-2743F6FBAAFD}.Debug|x64.Build.0 = Debug|Any CPU
		{0EF0699E-A558-47D9-B505-2743F6FBAAFD}.Debug|x86.ActiveCfg = Debug|Any CPU
		{0EF0699E-A558-47D9-B505-2743F6FBAAFD}.Debug|x86.Build.0 = Debug|Any CPU
		{0EF0699E-A558-47D9-B505-2743F6FBAAFD}.Release|Any CPU.ActiveCfg = Release|Any CPU
		{0EF0699E-A558-47D9-B505-2743F6FBAAFD}.Release|Any CPU.Build.0 = Release|Any CPU
		{0EF0699E-A558-47D9-B505-2743F6FBAAFD}.Release|x64.ActiveCfg = Release|Any CPU
		{0EF0699E-A558-47D9-B505-2743F6FBAAFD}.Release|x64.Build.0 = Release|Any CPU
		{0EF0699E-A558-47D9-B505-2743F6FBAAFD}.Release|x86.ActiveCfg = Release|Any CPU
		{0EF0699E-A558-47D9-B505-2743F6FBAAFD}.Release|x86.Build.0 = Release|Any CPU
		{0D8AAD10-A793-43C2-BCAC-165F53E79965}.Debug|Any CPU.ActiveCfg = Debug|Any CPU
		{0D8AAD10-A793-43C2-BCAC-165F53E79965}.Debug|Any CPU.Build.0 = Debug|Any CPU
		{0D8AAD10-A793-43C2-BCAC-165F53E79965}.Debug|x64.ActiveCfg = Debug|Any CPU
		{0D8AAD10-A793-43C2-BCAC-165F53E79965}.Debug|x64.Build.0 = Debug|Any CPU
		{0D8AAD10-A793-43C2-BCAC-165F53E79965}.Debug|x86.ActiveCfg = Debug|Any CPU
		{0D8AAD10-A793-43C2-BCAC-165F53E79965}.Debug|x86.Build.0 = Debug|Any CPU
		{0D8AAD10-A793-43C2-BCAC-165F53E79965}.Release|Any CPU.ActiveCfg = Release|Any CPU
		{0D8AAD10-A793-43C2-BCAC-165F53E79965}.Release|Any CPU.Build.0 = Release|Any CPU
		{0D8AAD10-A793-43C2-BCAC-165F53E79965}.Release|x64.ActiveCfg = Release|Any CPU
		{0D8AAD10-A793-43C2-BCAC-165F53E79965}.Release|x64.Build.0 = Release|Any CPU
		{0D8AAD10-A793-43C2-BCAC-165F53E79965}.Release|x86.ActiveCfg = Release|Any CPU
		{0D8AAD10-A793-43C2-BCAC-165F53E79965}.Release|x86.Build.0 = Release|Any CPU
		{173CE268-1A20-424D-B9B0-49BDF6D5C213}.Debug|Any CPU.ActiveCfg = Debug|Any CPU
		{173CE268-1A20-424D-B9B0-49BDF6D5C213}.Debug|Any CPU.Build.0 = Debug|Any CPU
		{173CE268-1A20-424D-B9B0-49BDF6D5C213}.Debug|x64.ActiveCfg = Debug|Any CPU
		{173CE268-1A20-424D-B9B0-49BDF6D5C213}.Debug|x64.Build.0 = Debug|Any CPU
		{173CE268-1A20-424D-B9B0-49BDF6D5C213}.Debug|x86.ActiveCfg = Debug|Any CPU
		{173CE268-1A20-424D-B9B0-49BDF6D5C213}.Debug|x86.Build.0 = Debug|Any CPU
		{173CE268-1A20-424D-B9B0-49BDF6D5C213}.Release|Any CPU.ActiveCfg = Release|Any CPU
		{173CE268-1A20-424D-B9B0-49BDF6D5C213}.Release|Any CPU.Build.0 = Release|Any CPU
		{173CE268-1A20-424D-B9B0-49BDF6D5C213}.Release|x64.ActiveCfg = Release|Any CPU
		{173CE268-1A20-424D-B9B0-49BDF6D5C213}.Release|x64.Build.0 = Release|Any CPU
		{173CE268-1A20-424D-B9B0-49BDF6D5C213}.Release|x86.ActiveCfg = Release|Any CPU
		{173CE268-1A20-424D-B9B0-49BDF6D5C213}.Release|x86.Build.0 = Release|Any CPU
		{2A4E667B-8968-4CF6-A62C-C817E4F10065}.Debug|Any CPU.ActiveCfg = Debug|Any CPU
		{2A4E667B-8968-4CF6-A62C-C817E4F10065}.Debug|Any CPU.Build.0 = Debug|Any CPU
		{2A4E667B-8968-4CF6-A62C-C817E4F10065}.Debug|x64.ActiveCfg = Debug|Any CPU
		{2A4E667B-8968-4CF6-A62C-C817E4F10065}.Debug|x64.Build.0 = Debug|Any CPU
		{2A4E667B-8968-4CF6-A62C-C817E4F10065}.Debug|x86.ActiveCfg = Debug|Any CPU
		{2A4E667B-8968-4CF6-A62C-C817E4F10065}.Debug|x86.Build.0 = Debug|Any CPU
		{2A4E667B-8968-4CF6-A62C-C817E4F10065}.Release|Any CPU.ActiveCfg = Release|Any CPU
		{2A4E667B-8968-4CF6-A62C-C817E4F10065}.Release|Any CPU.Build.0 = Release|Any CPU
		{2A4E667B-8968-4CF6-A62C-C817E4F10065}.Release|x64.ActiveCfg = Release|Any CPU
		{2A4E667B-8968-4CF6-A62C-C817E4F10065}.Release|x64.Build.0 = Release|Any CPU
		{2A4E667B-8968-4CF6-A62C-C817E4F10065}.Release|x86.ActiveCfg = Release|Any CPU
		{2A4E667B-8968-4CF6-A62C-C817E4F10065}.Release|x86.Build.0 = Release|Any CPU
		{CD5643C7-F473-4FBE-AD39-9C2161A9945E}.Debug|Any CPU.ActiveCfg = Debug|Any CPU
		{CD5643C7-F473-4FBE-AD39-9C2161A9945E}.Debug|Any CPU.Build.0 = Debug|Any CPU
		{CD5643C7-F473-4FBE-AD39-9C2161A9945E}.Debug|x64.ActiveCfg = Debug|Any CPU
		{CD5643C7-F473-4FBE-AD39-9C2161A9945E}.Debug|x64.Build.0 = Debug|Any CPU
		{CD5643C7-F473-4FBE-AD39-9C2161A9945E}.Debug|x86.ActiveCfg = Debug|Any CPU
		{CD5643C7-F473-4FBE-AD39-9C2161A9945E}.Debug|x86.Build.0 = Debug|Any CPU
		{CD5643C7-F473-4FBE-AD39-9C2161A9945E}.Release|Any CPU.ActiveCfg = Release|Any CPU
		{CD5643C7-F473-4FBE-AD39-9C2161A9945E}.Release|Any CPU.Build.0 = Release|Any CPU
		{CD5643C7-F473-4FBE-AD39-9C2161A9945E}.Release|x64.ActiveCfg = Release|Any CPU
		{CD5643C7-F473-4FBE-AD39-9C2161A9945E}.Release|x64.Build.0 = Release|Any CPU
		{CD5643C7-F473-4FBE-AD39-9C2161A9945E}.Release|x86.ActiveCfg = Release|Any CPU
		{CD5643C7-F473-4FBE-AD39-9C2161A9945E}.Release|x86.Build.0 = Release|Any CPU
		{7E51D3C7-CA90-4983-8A1F-E3F2BC32E5B4}.Debug|Any CPU.ActiveCfg = Debug|Any CPU
		{7E51D3C7-CA90-4983-8A1F-E3F2BC32E5B4}.Debug|Any CPU.Build.0 = Debug|Any CPU
		{7E51D3C7-CA90-4983-8A1F-E3F2BC32E5B4}.Debug|x64.ActiveCfg = Debug|Any CPU
		{7E51D3C7-CA90-4983-8A1F-E3F2BC32E5B4}.Debug|x64.Build.0 = Debug|Any CPU
		{7E51D3C7-CA90-4983-8A1F-E3F2BC32E5B4}.Debug|x86.ActiveCfg = Debug|Any CPU
		{7E51D3C7-CA90-4983-8A1F-E3F2BC32E5B4}.Debug|x86.Build.0 = Debug|Any CPU
		{7E51D3C7-CA90-4983-8A1F-E3F2BC32E5B4}.Release|Any CPU.ActiveCfg = Release|Any CPU
		{7E51D3C7-CA90-4983-8A1F-E3F2BC32E5B4}.Release|Any CPU.Build.0 = Release|Any CPU
		{7E51D3C7-CA90-4983-8A1F-E3F2BC32E5B4}.Release|x64.ActiveCfg = Release|Any CPU
		{7E51D3C7-CA90-4983-8A1F-E3F2BC32E5B4}.Release|x64.Build.0 = Release|Any CPU
		{7E51D3C7-CA90-4983-8A1F-E3F2BC32E5B4}.Release|x86.ActiveCfg = Release|Any CPU
		{7E51D3C7-CA90-4983-8A1F-E3F2BC32E5B4}.Release|x86.Build.0 = Release|Any CPU
		{8F5C5C27-3F26-4B2E-9D39-578EA99273AF}.Debug|Any CPU.ActiveCfg = Debug|Any CPU
		{8F5C5C27-3F26-4B2E-9D39-578EA99273AF}.Debug|Any CPU.Build.0 = Debug|Any CPU
		{8F5C5C27-3F26-4B2E-9D39-578EA99273AF}.Debug|x64.ActiveCfg = Debug|Any CPU
		{8F5C5C27-3F26-4B2E-9D39-578EA99273AF}.Debug|x64.Build.0 = Debug|Any CPU
		{8F5C5C27-3F26-4B2E-9D39-578EA99273AF}.Debug|x86.ActiveCfg = Debug|Any CPU
		{8F5C5C27-3F26-4B2E-9D39-578EA99273AF}.Debug|x86.Build.0 = Debug|Any CPU
		{8F5C5C27-3F26-4B2E-9D39-578EA99273AF}.Release|Any CPU.ActiveCfg = Release|Any CPU
		{8F5C5C27-3F26-4B2E-9D39-578EA99273AF}.Release|Any CPU.Build.0 = Release|Any CPU
		{8F5C5C27-3F26-4B2E-9D39-578EA99273AF}.Release|x64.ActiveCfg = Release|Any CPU
		{8F5C5C27-3F26-4B2E-9D39-578EA99273AF}.Release|x64.Build.0 = Release|Any CPU
		{8F5C5C27-3F26-4B2E-9D39-578EA99273AF}.Release|x86.ActiveCfg = Release|Any CPU
		{8F5C5C27-3F26-4B2E-9D39-578EA99273AF}.Release|x86.Build.0 = Release|Any CPU
		{C059A41E-B361-4AFD-B6E6-47EFFA952DC3}.Debug|Any CPU.ActiveCfg = Debug|Any CPU
		{C059A41E-B361-4AFD-B6E6-47EFFA952DC3}.Debug|Any CPU.Build.0 = Debug|Any CPU
		{C059A41E-B361-4AFD-B6E6-47EFFA952DC3}.Debug|x64.ActiveCfg = Debug|Any CPU
		{C059A41E-B361-4AFD-B6E6-47EFFA952DC3}.Debug|x64.Build.0 = Debug|Any CPU
		{C059A41E-B361-4AFD-B6E6-47EFFA952DC3}.Debug|x86.ActiveCfg = Debug|Any CPU
		{C059A41E-B361-4AFD-B6E6-47EFFA952DC3}.Debug|x86.Build.0 = Debug|Any CPU
		{C059A41E-B361-4AFD-B6E6-47EFFA952DC3}.Release|Any CPU.ActiveCfg = Release|Any CPU
		{C059A41E-B361-4AFD-B6E6-47EFFA952DC3}.Release|Any CPU.Build.0 = Release|Any CPU
		{C059A41E-B361-4AFD-B6E6-47EFFA952DC3}.Release|x64.ActiveCfg = Release|Any CPU
		{C059A41E-B361-4AFD-B6E6-47EFFA952DC3}.Release|x64.Build.0 = Release|Any CPU
		{C059A41E-B361-4AFD-B6E6-47EFFA952DC3}.Release|x86.ActiveCfg = Release|Any CPU
		{C059A41E-B361-4AFD-B6E6-47EFFA952DC3}.Release|x86.Build.0 = Release|Any CPU
		{1A49DD5D-7C57-4EDB-856C-8EE61454BD95}.Debug|Any CPU.ActiveCfg = Debug|Any CPU
		{1A49DD5D-7C57-4EDB-856C-8EE61454BD95}.Debug|Any CPU.Build.0 = Debug|Any CPU
		{1A49DD5D-7C57-4EDB-856C-8EE61454BD95}.Debug|x64.ActiveCfg = Debug|Any CPU
		{1A49DD5D-7C57-4EDB-856C-8EE61454BD95}.Debug|x64.Build.0 = Debug|Any CPU
		{1A49DD5D-7C57-4EDB-856C-8EE61454BD95}.Debug|x86.ActiveCfg = Debug|Any CPU
		{1A49DD5D-7C57-4EDB-856C-8EE61454BD95}.Debug|x86.Build.0 = Debug|Any CPU
		{1A49DD5D-7C57-4EDB-856C-8EE61454BD95}.Release|Any CPU.ActiveCfg = Release|Any CPU
		{1A49DD5D-7C57-4EDB-856C-8EE61454BD95}.Release|Any CPU.Build.0 = Release|Any CPU
		{1A49DD5D-7C57-4EDB-856C-8EE61454BD95}.Release|x64.ActiveCfg = Release|Any CPU
		{1A49DD5D-7C57-4EDB-856C-8EE61454BD95}.Release|x64.Build.0 = Release|Any CPU
		{1A49DD5D-7C57-4EDB-856C-8EE61454BD95}.Release|x86.ActiveCfg = Release|Any CPU
		{1A49DD5D-7C57-4EDB-856C-8EE61454BD95}.Release|x86.Build.0 = Release|Any CPU
		{35FA38E1-8586-4A56-BA75-30755FA5E699}.Debug|Any CPU.ActiveCfg = Debug|Any CPU
		{35FA38E1-8586-4A56-BA75-30755FA5E699}.Debug|Any CPU.Build.0 = Debug|Any CPU
		{35FA38E1-8586-4A56-BA75-30755FA5E699}.Debug|x64.ActiveCfg = Debug|Any CPU
		{35FA38E1-8586-4A56-BA75-30755FA5E699}.Debug|x64.Build.0 = Debug|Any CPU
		{35FA38E1-8586-4A56-BA75-30755FA5E699}.Debug|x86.ActiveCfg = Debug|Any CPU
		{35FA38E1-8586-4A56-BA75-30755FA5E699}.Debug|x86.Build.0 = Debug|Any CPU
		{35FA38E1-8586-4A56-BA75-30755FA5E699}.Release|Any CPU.ActiveCfg = Release|Any CPU
		{35FA38E1-8586-4A56-BA75-30755FA5E699}.Release|Any CPU.Build.0 = Release|Any CPU
		{35FA38E1-8586-4A56-BA75-30755FA5E699}.Release|x64.ActiveCfg = Release|Any CPU
		{35FA38E1-8586-4A56-BA75-30755FA5E699}.Release|x64.Build.0 = Release|Any CPU
		{35FA38E1-8586-4A56-BA75-30755FA5E699}.Release|x86.ActiveCfg = Release|Any CPU
		{35FA38E1-8586-4A56-BA75-30755FA5E699}.Release|x86.Build.0 = Release|Any CPU
		{60E95964-50EB-430B-A2AB-7A4102CC8B99}.Debug|Any CPU.ActiveCfg = Debug|Any CPU
		{60E95964-50EB-430B-A2AB-7A4102CC8B99}.Debug|Any CPU.Build.0 = Debug|Any CPU
		{60E95964-50EB-430B-A2AB-7A4102CC8B99}.Debug|x64.ActiveCfg = Debug|Any CPU
		{60E95964-50EB-430B-A2AB-7A4102CC8B99}.Debug|x64.Build.0 = Debug|Any CPU
		{60E95964-50EB-430B-A2AB-7A4102CC8B99}.Debug|x86.ActiveCfg = Debug|Any CPU
		{60E95964-50EB-430B-A2AB-7A4102CC8B99}.Debug|x86.Build.0 = Debug|Any CPU
		{60E95964-50EB-430B-A2AB-7A4102CC8B99}.Release|Any CPU.ActiveCfg = Release|Any CPU
		{60E95964-50EB-430B-A2AB-7A4102CC8B99}.Release|Any CPU.Build.0 = Release|Any CPU
		{60E95964-50EB-430B-A2AB-7A4102CC8B99}.Release|x64.ActiveCfg = Release|Any CPU
		{60E95964-50EB-430B-A2AB-7A4102CC8B99}.Release|x64.Build.0 = Release|Any CPU
		{60E95964-50EB-430B-A2AB-7A4102CC8B99}.Release|x86.ActiveCfg = Release|Any CPU
		{60E95964-50EB-430B-A2AB-7A4102CC8B99}.Release|x86.Build.0 = Release|Any CPU
		{2826FC01-1740-4F92-9DFF-A497A9DE22A3}.Debug|Any CPU.ActiveCfg = Debug|Any CPU
		{2826FC01-1740-4F92-9DFF-A497A9DE22A3}.Debug|Any CPU.Build.0 = Debug|Any CPU
		{2826FC01-1740-4F92-9DFF-A497A9DE22A3}.Debug|x64.ActiveCfg = Debug|Any CPU
		{2826FC01-1740-4F92-9DFF-A497A9DE22A3}.Debug|x64.Build.0 = Debug|Any CPU
		{2826FC01-1740-4F92-9DFF-A497A9DE22A3}.Debug|x86.ActiveCfg = Debug|Any CPU
		{2826FC01-1740-4F92-9DFF-A497A9DE22A3}.Debug|x86.Build.0 = Debug|Any CPU
		{2826FC01-1740-4F92-9DFF-A497A9DE22A3}.Release|Any CPU.ActiveCfg = Release|Any CPU
		{2826FC01-1740-4F92-9DFF-A497A9DE22A3}.Release|Any CPU.Build.0 = Release|Any CPU
		{2826FC01-1740-4F92-9DFF-A497A9DE22A3}.Release|x64.ActiveCfg = Release|Any CPU
		{2826FC01-1740-4F92-9DFF-A497A9DE22A3}.Release|x64.Build.0 = Release|Any CPU
		{2826FC01-1740-4F92-9DFF-A497A9DE22A3}.Release|x86.ActiveCfg = Release|Any CPU
		{2826FC01-1740-4F92-9DFF-A497A9DE22A3}.Release|x86.Build.0 = Release|Any CPU
		{6A2720D1-AB71-4184-90EF-8CDDDB496F04}.Debug|Any CPU.ActiveCfg = Debug|Any CPU
		{6A2720D1-AB71-4184-90EF-8CDDDB496F04}.Debug|Any CPU.Build.0 = Debug|Any CPU
		{6A2720D1-AB71-4184-90EF-8CDDDB496F04}.Debug|x64.ActiveCfg = Debug|Any CPU
		{6A2720D1-AB71-4184-90EF-8CDDDB496F04}.Debug|x64.Build.0 = Debug|Any CPU
		{6A2720D1-AB71-4184-90EF-8CDDDB496F04}.Debug|x86.ActiveCfg = Debug|Any CPU
		{6A2720D1-AB71-4184-90EF-8CDDDB496F04}.Debug|x86.Build.0 = Debug|Any CPU
		{6A2720D1-AB71-4184-90EF-8CDDDB496F04}.Release|Any CPU.ActiveCfg = Release|Any CPU
		{6A2720D1-AB71-4184-90EF-8CDDDB496F04}.Release|Any CPU.Build.0 = Release|Any CPU
		{6A2720D1-AB71-4184-90EF-8CDDDB496F04}.Release|x64.ActiveCfg = Release|Any CPU
		{6A2720D1-AB71-4184-90EF-8CDDDB496F04}.Release|x64.Build.0 = Release|Any CPU
		{6A2720D1-AB71-4184-90EF-8CDDDB496F04}.Release|x86.ActiveCfg = Release|Any CPU
		{6A2720D1-AB71-4184-90EF-8CDDDB496F04}.Release|x86.Build.0 = Release|Any CPU
		{41205CDA-B2DB-42BC-8757-4B197AC4C398}.Debug|Any CPU.ActiveCfg = Debug|Any CPU
		{41205CDA-B2DB-42BC-8757-4B197AC4C398}.Debug|Any CPU.Build.0 = Debug|Any CPU
		{41205CDA-B2DB-42BC-8757-4B197AC4C398}.Debug|x64.ActiveCfg = Debug|Any CPU
		{41205CDA-B2DB-42BC-8757-4B197AC4C398}.Debug|x64.Build.0 = Debug|Any CPU
		{41205CDA-B2DB-42BC-8757-4B197AC4C398}.Debug|x86.ActiveCfg = Debug|Any CPU
		{41205CDA-B2DB-42BC-8757-4B197AC4C398}.Debug|x86.Build.0 = Debug|Any CPU
		{41205CDA-B2DB-42BC-8757-4B197AC4C398}.Release|Any CPU.ActiveCfg = Release|Any CPU
		{41205CDA-B2DB-42BC-8757-4B197AC4C398}.Release|Any CPU.Build.0 = Release|Any CPU
		{41205CDA-B2DB-42BC-8757-4B197AC4C398}.Release|x64.ActiveCfg = Release|Any CPU
		{41205CDA-B2DB-42BC-8757-4B197AC4C398}.Release|x64.Build.0 = Release|Any CPU
		{41205CDA-B2DB-42BC-8757-4B197AC4C398}.Release|x86.ActiveCfg = Release|Any CPU
		{41205CDA-B2DB-42BC-8757-4B197AC4C398}.Release|x86.Build.0 = Release|Any CPU
		{DE219431-C540-4AD2-89F2-3C30838195CF}.Debug|Any CPU.ActiveCfg = Debug|Any CPU
		{DE219431-C540-4AD2-89F2-3C30838195CF}.Debug|Any CPU.Build.0 = Debug|Any CPU
		{DE219431-C540-4AD2-89F2-3C30838195CF}.Debug|x64.ActiveCfg = Debug|Any CPU
		{DE219431-C540-4AD2-89F2-3C30838195CF}.Debug|x64.Build.0 = Debug|Any CPU
		{DE219431-C540-4AD2-89F2-3C30838195CF}.Debug|x86.ActiveCfg = Debug|Any CPU
		{DE219431-C540-4AD2-89F2-3C30838195CF}.Debug|x86.Build.0 = Debug|Any CPU
		{DE219431-C540-4AD2-89F2-3C30838195CF}.Release|Any CPU.ActiveCfg = Release|Any CPU
		{DE219431-C540-4AD2-89F2-3C30838195CF}.Release|Any CPU.Build.0 = Release|Any CPU
		{DE219431-C540-4AD2-89F2-3C30838195CF}.Release|x64.ActiveCfg = Release|Any CPU
		{DE219431-C540-4AD2-89F2-3C30838195CF}.Release|x64.Build.0 = Release|Any CPU
		{DE219431-C540-4AD2-89F2-3C30838195CF}.Release|x86.ActiveCfg = Release|Any CPU
		{DE219431-C540-4AD2-89F2-3C30838195CF}.Release|x86.Build.0 = Release|Any CPU
	EndGlobalSection
	GlobalSection(NestedProjects) = preSolution
		{31BA0075-A4FD-4854-ABE4-5ADA92808D5F} = {6B9E0C6C-8E99-4D93-BD69-0AB124C021C4}
		{C3889455-66A3-4D5A-A6E7-0766C9FD4444} = {6B9E0C6C-8E99-4D93-BD69-0AB124C021C4}
		{9FFA0952-F8D7-4702-8243-D3A5870C48FC} = {6B9E0C6C-8E99-4D93-BD69-0AB124C021C4}
		{D6B9582E-8502-4FF7-B805-D18946331179} = {6B9E0C6C-8E99-4D93-BD69-0AB124C021C4}
		{6E4712D7-0C17-4A31-B007-44519E28F22C} = {6B9E0C6C-8E99-4D93-BD69-0AB124C021C4}
		{765909DC-0DDD-41B6-A34A-97DF50B3E14E} = {6B9E0C6C-8E99-4D93-BD69-0AB124C021C4}
		{A2B64DE5-999E-4C3F-BC9E-F5762F4E0B5F} = {6B9E0C6C-8E99-4D93-BD69-0AB124C021C4}
		{12B40815-434F-4BE0-91EC-8D4226F26D95} = {6B9E0C6C-8E99-4D93-BD69-0AB124C021C4}
		{667FEFC4-57DE-4CE9-888D-48E997BF1F99} = {6B9E0C6C-8E99-4D93-BD69-0AB124C021C4}
		{0EF0699E-A558-47D9-B505-2743F6FBAAFD} = {6B9E0C6C-8E99-4D93-BD69-0AB124C021C4}
		{0D8AAD10-A793-43C2-BCAC-165F53E79965} = {6B9E0C6C-8E99-4D93-BD69-0AB124C021C4}
		{173CE268-1A20-424D-B9B0-49BDF6D5C213} = {6B9E0C6C-8E99-4D93-BD69-0AB124C021C4}
		{2A4E667B-8968-4CF6-A62C-C817E4F10065} = {6B9E0C6C-8E99-4D93-BD69-0AB124C021C4}
		{CD5643C7-F473-4FBE-AD39-9C2161A9945E} = {6B9E0C6C-8E99-4D93-BD69-0AB124C021C4}
		{7E51D3C7-CA90-4983-8A1F-E3F2BC32E5B4} = {6B9E0C6C-8E99-4D93-BD69-0AB124C021C4}
		{8F5C5C27-3F26-4B2E-9D39-578EA99273AF} = {6B9E0C6C-8E99-4D93-BD69-0AB124C021C4}
		{C059A41E-B361-4AFD-B6E6-47EFFA952DC3} = {6B9E0C6C-8E99-4D93-BD69-0AB124C021C4}
		{1A49DD5D-7C57-4EDB-856C-8EE61454BD95} = {6B9E0C6C-8E99-4D93-BD69-0AB124C021C4}
		{35FA38E1-8586-4A56-BA75-30755FA5E699} = {6B9E0C6C-8E99-4D93-BD69-0AB124C021C4}
		{60E95964-50EB-430B-A2AB-7A4102CC8B99} = {6B9E0C6C-8E99-4D93-BD69-0AB124C021C4}
		{2826FC01-1740-4F92-9DFF-A497A9DE22A3} = {6B9E0C6C-8E99-4D93-BD69-0AB124C021C4}
		{6A2720D1-AB71-4184-90EF-8CDDDB496F04} = {6B9E0C6C-8E99-4D93-BD69-0AB124C021C4}
		{41205CDA-B2DB-42BC-8757-4B197AC4C398} = {6B9E0C6C-8E99-4D93-BD69-0AB124C021C4}
		{DE219431-C540-4AD2-89F2-3C30838195CF} = {6B9E0C6C-8E99-4D93-BD69-0AB124C021C4}
	EndGlobalSection
EndGlobal
